// !$*UTF8*$!
{
	archiveVersion = 1;
	classes = {
	};
	objectVersion = 46;
	objects = {

/* Begin PBXBuildFile section */
		40497FE41A0EAD6D007021A4 /* AppDelegate.swift in Sources */ = {isa = PBXBuildFile; fileRef = 40497FE31A0EAD6D007021A4 /* AppDelegate.swift */; };
		40497FE61A0EAD6D007021A4 /* ViewController.swift in Sources */ = {isa = PBXBuildFile; fileRef = 40497FE51A0EAD6D007021A4 /* ViewController.swift */; };
		40497FE91A0EAD6D007021A4 /* Main.storyboard in Resources */ = {isa = PBXBuildFile; fileRef = 40497FE71A0EAD6D007021A4 /* Main.storyboard */; };
		40497FEB1A0EAD6D007021A4 /* Images.xcassets in Resources */ = {isa = PBXBuildFile; fileRef = 40497FEA1A0EAD6D007021A4 /* Images.xcassets */; };
		40497FEE1A0EAD6D007021A4 /* LaunchScreen.xib in Resources */ = {isa = PBXBuildFile; fileRef = 40497FEC1A0EAD6D007021A4 /* LaunchScreen.xib */; };
		40497FFA1A0EAD6E007021A4 /* Code_Fellows_iOS_Foundations_II_Assignment_4Tests.swift in Sources */ = {isa = PBXBuildFile; fileRef = 40497FF91A0EAD6E007021A4 /* Code_Fellows_iOS_Foundations_II_Assignment_4Tests.swift */; };
/* End PBXBuildFile section */

/* Begin PBXContainerItemProxy section */
		40497FF41A0EAD6E007021A4 /* PBXContainerItemProxy */ = {
			isa = PBXContainerItemProxy;
			containerPortal = 40497FD61A0EAD6D007021A4 /* Project object */;
			proxyType = 1;
			remoteGlobalIDString = 40497FDD1A0EAD6D007021A4;
			remoteInfo = "Code Fellows iOS Foundations II Assignment 4";
		};
/* End PBXContainerItemProxy section */

/* Begin PBXFileReference section */
		40497FDE1A0EAD6D007021A4 /* Code Fellows iOS Foundations II Assignment 4.app */ = {isa = PBXFileReference; explicitFileType = wrapper.application; includeInIndex = 0; path = "Code Fellows iOS Foundations II Assignment 4.app"; sourceTree = BUILT_PRODUCTS_DIR; };
		40497FE21A0EAD6D007021A4 /* Info.plist */ = {isa = PBXFileReference; lastKnownFileType = text.plist.xml; path = Info.plist; sourceTree = "<group>"; };
		40497FE31A0EAD6D007021A4 /* AppDelegate.swift */ = {isa = PBXFileReference; lastKnownFileType = sourcecode.swift; path = AppDelegate.swift; sourceTree = "<group>"; };
		40497FE51A0EAD6D007021A4 /* ViewController.swift */ = {isa = PBXFileReference; lastKnownFileType = sourcecode.swift; path = ViewController.swift; sourceTree = "<group>"; };
		40497FE81A0EAD6D007021A4 /* Base */ = {isa = PBXFileReference; lastKnownFileType = file.storyboard; name = Base; path = Base.lproj/Main.storyboard; sourceTree = "<group>"; };
		40497FEA1A0EAD6D007021A4 /* Images.xcassets */ = {isa = PBXFileReference; lastKnownFileType = folder.assetcatalog; path = Images.xcassets; sourceTree = "<group>"; };
		40497FED1A0EAD6D007021A4 /* Base */ = {isa = PBXFileReference; lastKnownFileType = file.xib; name = Base; path = Base.lproj/LaunchScreen.xib; sourceTree = "<group>"; };
		40497FF31A0EAD6E007021A4 /* Code Fellows iOS Foundations II Assignment 4Tests.xctest */ = {isa = PBXFileReference; explicitFileType = wrapper.cfbundle; includeInIndex = 0; path = "Code Fellows iOS Foundations II Assignment 4Tests.xctest"; sourceTree = BUILT_PRODUCTS_DIR; };
		40497FF81A0EAD6E007021A4 /* Info.plist */ = {isa = PBXFileReference; lastKnownFileType = text.plist.xml; path = Info.plist; sourceTree = "<group>"; };
		40497FF91A0EAD6E007021A4 /* Code_Fellows_iOS_Foundations_II_Assignment_4Tests.swift */ = {isa = PBXFileReference; lastKnownFileType = sourcecode.swift; path = Code_Fellows_iOS_Foundations_II_Assignment_4Tests.swift; sourceTree = "<group>"; };
/* End PBXFileReference section */

/* Begin PBXFrameworksBuildPhase section */
		40497FDB1A0EAD6D007021A4 /* Frameworks */ = {
			isa = PBXFrameworksBuildPhase;
			buildActionMask = 2147483647;
			files = (
			);
			runOnlyForDeploymentPostprocessing = 0;
		};
		40497FF01A0EAD6E007021A4 /* Frameworks */ = {
			isa = PBXFrameworksBuildPhase;
			buildActionMask = 2147483647;
			files = (
			);
			runOnlyForDeploymentPostprocessing = 0;
		};
/* End PBXFrameworksBuildPhase section */

/* Begin PBXGroup section */
		40497FD51A0EAD6D007021A4 = {
			isa = PBXGroup;
			children = (
				40497FE01A0EAD6D007021A4 /* Code Fellows iOS Foundations II Assignment 4 */,
				40497FF61A0EAD6E007021A4 /* Code Fellows iOS Foundations II Assignment 4Tests */,
				40497FDF1A0EAD6D007021A4 /* Products */,
			);
			sourceTree = "<group>";
		};
		40497FDF1A0EAD6D007021A4 /* Products */ = {
			isa = PBXGroup;
			children = (
				40497FDE1A0EAD6D007021A4 /* Code Fellows iOS Foundations II Assignment 4.app */,
				40497FF31A0EAD6E007021A4 /* Code Fellows iOS Foundations II Assignment 4Tests.xctest */,
			);
			name = Products;
			sourceTree = "<group>";
		};
		40497FE01A0EAD6D007021A4 /* Code Fellows iOS Foundations II Assignment 4 */ = {
			isa = PBXGroup;
			children = (
				40497FE31A0EAD6D007021A4 /* AppDelegate.swift */,
				40497FE51A0EAD6D007021A4 /* ViewController.swift */,
				40497FE71A0EAD6D007021A4 /* Main.storyboard */,
				40497FEA1A0EAD6D007021A4 /* Images.xcassets */,
				40497FEC1A0EAD6D007021A4 /* LaunchScreen.xib */,
				40497FE11A0EAD6D007021A4 /* Supporting Files */,
			);
			path = "Code Fellows iOS Foundations II Assignment 4";
			sourceTree = "<group>";
		};
		40497FE11A0EAD6D007021A4 /* Supporting Files */ = {
			isa = PBXGroup;
			children = (
				40497FE21A0EAD6D007021A4 /* Info.plist */,
			);
			name = "Supporting Files";
			sourceTree = "<group>";
		};
		40497FF61A0EAD6E007021A4 /* Code Fellows iOS Foundations II Assignment 4Tests */ = {
			isa = PBXGroup;
			children = (
				40497FF91A0EAD6E007021A4 /* Code_Fellows_iOS_Foundations_II_Assignment_4Tests.swift */,
				40497FF71A0EAD6E007021A4 /* Supporting Files */,
			);
			path = "Code Fellows iOS Foundations II Assignment 4Tests";
			sourceTree = "<group>";
		};
		40497FF71A0EAD6E007021A4 /* Supporting Files */ = {
			isa = PBXGroup;
			children = (
				40497FF81A0EAD6E007021A4 /* Info.plist */,
			);
			name = "Supporting Files";
			sourceTree = "<group>";
		};
/* End PBXGroup section */

/* Begin PBXNativeTarget section */
		40497FDD1A0EAD6D007021A4 /* Code Fellows iOS Foundations II Assignment 4 */ = {
			isa = PBXNativeTarget;
			buildConfigurationList = 40497FFD1A0EAD6E007021A4 /* Build configuration list for PBXNativeTarget "Code Fellows iOS Foundations II Assignment 4" */;
			buildPhases = (
				40497FDA1A0EAD6D007021A4 /* Sources */,
				40497FDB1A0EAD6D007021A4 /* Frameworks */,
				40497FDC1A0EAD6D007021A4 /* Resources */,
			);
			buildRules = (
			);
			dependencies = (
			);
			name = "Code Fellows iOS Foundations II Assignment 4";
			productName = "Code Fellows iOS Foundations II Assignment 4";
			productReference = 40497FDE1A0EAD6D007021A4 /* Code Fellows iOS Foundations II Assignment 4.app */;
			productType = "com.apple.product-type.application";
		};
		40497FF21A0EAD6E007021A4 /* Code Fellows iOS Foundations II Assignment 4Tests */ = {
			isa = PBXNativeTarget;
			buildConfigurationList = 404980001A0EAD6E007021A4 /* Build configuration list for PBXNativeTarget "Code Fellows iOS Foundations II Assignment 4Tests" */;
			buildPhases = (
				40497FEF1A0EAD6E007021A4 /* Sources */,
				40497FF01A0EAD6E007021A4 /* Frameworks */,
				40497FF11A0EAD6E007021A4 /* Resources */,
			);
			buildRules = (
			);
			dependencies = (
				40497FF51A0EAD6E007021A4 /* PBXTargetDependency */,
			);
			name = "Code Fellows iOS Foundations II Assignment 4Tests";
			productName = "Code Fellows iOS Foundations II Assignment 4Tests";
			productReference = 40497FF31A0EAD6E007021A4 /* Code Fellows iOS Foundations II Assignment 4Tests.xctest */;
			productType = "com.apple.product-type.bundle.unit-test";
		};
/* End PBXNativeTarget section */

/* Begin PBXProject section */
		40497FD61A0EAD6D007021A4 /* Project object */ = {
			isa = PBXProject;
			attributes = {
				LastUpgradeCheck = 0610;
				ORGANIZATIONNAME = "Eric Mentele";
				TargetAttributes = {
					40497FDD1A0EAD6D007021A4 = {
						CreatedOnToolsVersion = 6.1;
						DevelopmentTeam = 8F48NKUJX6;
					};
					40497FF21A0EAD6E007021A4 = {
						CreatedOnToolsVersion = 6.1;
						TestTargetID = 40497FDD1A0EAD6D007021A4;
					};
				};
			};
			buildConfigurationList = 40497FD91A0EAD6D007021A4 /* Build configuration list for PBXProject "Code Fellows iOS Foundations II Assignment 4" */;
			compatibilityVersion = "Xcode 3.2";
			developmentRegion = English;
			hasScannedForEncodings = 0;
			knownRegions = (
				en,
				Base,
			);
			mainGroup = 40497FD51A0EAD6D007021A4;
			productRefGroup = 40497FDF1A0EAD6D007021A4 /* Products */;
			projectDirPath = "";
			projectRoot = "";
			targets = (
				40497FDD1A0EAD6D007021A4 /* Code Fellows iOS Foundations II Assignment 4 */,
				40497FF21A0EAD6E007021A4 /* Code Fellows iOS Foundations II Assignment 4Tests */,
			);
		};
/* End PBXProject section */

/* Begin PBXResourcesBuildPhase section */
		40497FDC1A0EAD6D007021A4 /* Resources */ = {
			isa = PBXResourcesBuildPhase;
			buildActionMask = 2147483647;
			files = (
				40497FE91A0EAD6D007021A4 /* Main.storyboard in Resources */,
				40497FEE1A0EAD6D007021A4 /* LaunchScreen.xib in Resources */,
				40497FEB1A0EAD6D007021A4 /* Images.xcassets in Resources */,
			);
			runOnlyForDeploymentPostprocessing = 0;
		};
		40497FF11A0EAD6E007021A4 /* Resources */ = {
			isa = PBXResourcesBuildPhase;
			buildActionMask = 2147483647;
			files = (
			);
			runOnlyForDeploymentPostprocessing = 0;
		};
/* End PBXResourcesBuildPhase section */

/* Begin PBXSourcesBuildPhase section */
		40497FDA1A0EAD6D007021A4 /* Sources */ = {
			isa = PBXSourcesBuildPhase;
			buildActionMask = 2147483647;
			files = (
				40497FE61A0EAD6D007021A4 /* ViewController.swift in Sources */,
				40497FE41A0EAD6D007021A4 /* AppDelegate.swift in Sources */,
			);
			runOnlyForDeploymentPostprocessing = 0;
		};
		40497FEF1A0EAD6E007021A4 /* Sources */ = {
			isa = PBXSourcesBuildPhase;
			buildActionMask = 2147483647;
			files = (
				40497FFA1A0EAD6E007021A4 /* Code_Fellows_iOS_Foundations_II_Assignment_4Tests.swift in Sources */,
			);
			runOnlyForDeploymentPostprocessing = 0;
		};
/* End PBXSourcesBuildPhase section */

/* Begin PBXTargetDependency section */
		40497FF51A0EAD6E007021A4 /* PBXTargetDependency */ = {
			isa = PBXTargetDependency;
			target = 40497FDD1A0EAD6D007021A4 /* Code Fellows iOS Foundations II Assignment 4 */;
			targetProxy = 40497FF41A0EAD6E007021A4 /* PBXContainerItemProxy */;
		};
/* End PBXTargetDependency section */

/* Begin PBXVariantGroup section */
		40497FE71A0EAD6D007021A4 /* Main.storyboard */ = {
			isa = PBXVariantGroup;
			children = (
				40497FE81A0EAD6D007021A4 /* Base */,
			);
			name = Main.storyboard;
			sourceTree = "<group>";
		};
		40497FEC1A0EAD6D007021A4 /* LaunchScreen.xib */ = {
			isa = PBXVariantGroup;
			children = (
				40497FED1A0EAD6D007021A4 /* Base */,
			);
			name = LaunchScreen.xib;
			sourceTree = "<group>";
		};
/* End PBXVariantGroup section */

/* Begin XCBuildConfiguration section */
		40497FFB1A0EAD6E007021A4 /* Debug */ = {
			isa = XCBuildConfiguration;
			buildSettings = {
				ALWAYS_SEARCH_USER_PATHS = NO;
				CLANG_CXX_LANGUAGE_STANDARD = "gnu++0x";
				CLANG_CXX_LIBRARY = "libc++";
				CLANG_ENABLE_MODULES = YES;
				CLANG_ENABLE_OBJC_ARC = YES;
				CLANG_WARN_BOOL_CONVERSION = YES;
				CLANG_WARN_CONSTANT_CONVERSION = YES;
				CLANG_WARN_DIRECT_OBJC_ISA_USAGE = YES_ERROR;
				CLANG_WARN_EMPTY_BODY = YES;
				CLANG_WARN_ENUM_CONVERSION = YES;
				CLANG_WARN_INT_CONVERSION = YES;
				CLANG_WARN_OBJC_ROOT_CLASS = YES_ERROR;
				CLANG_WARN_UNREACHABLE_CODE = YES;
				CLANG_WARN__DUPLICATE_METHOD_MATCH = YES;
				"CODE_SIGN_IDENTITY[sdk=iphoneos*]" = "iPhone Developer";
				COPY_PHASE_STRIP = NO;
				ENABLE_STRICT_OBJC_MSGSEND = YES;
				GCC_C_LANGUAGE_STANDARD = gnu99;
				GCC_DYNAMIC_NO_PIC = NO;
				GCC_OPTIMIZATION_LEVEL = 0;
				GCC_PREPROCESSOR_DEFINITIONS = (
					"DEBUG=1",
					"$(inherited)",
				);
				GCC_SYMBOLS_PRIVATE_EXTERN = NO;
				GCC_WARN_64_TO_32_BIT_CONVERSION = YES;
				GCC_WARN_ABOUT_RETURN_TYPE = YES_ERROR;
				GCC_WARN_UNDECLARED_SELECTOR = YES;
				GCC_WARN_UNINITIALIZED_AUTOS = YES_AGGRESSIVE;
				GCC_WARN_UNUSED_FUNCTION = YES;
				GCC_WARN_UNUSED_VARIABLE = YES;
				IPHONEOS_DEPLOYMENT_TARGET = 8.1;
				MTL_ENABLE_DEBUG_INFO = YES;
				ONLY_ACTIVE_ARCH = YES;
				SDKROOT = iphoneos;
				SWIFT_OPTIMIZATION_LEVEL = "-Onone";
				TARGETED_DEVICE_FAMILY = "1,2";
			};
			name = Debug;
		};
		40497FFC1A0EAD6E007021A4 /* Release */ = {
			isa = XCBuildConfiguration;
			buildSettings = {
				ALWAYS_SEARCH_USER_PATHS = NO;
				CLANG_CXX_LANGUAGE_STANDARD = "gnu++0x";
				CLANG_CXX_LIBRARY = "libc++";
				CLANG_ENABLE_MODULES = YES;
				CLANG_ENABLE_OBJC_ARC = YES;
				CLANG_WARN_BOOL_CONVERSION = YES;
				CLANG_WARN_CONSTANT_CONVERSION = YES;
				CLANG_WARN_DIRECT_OBJC_ISA_USAGE = YES_ERROR;
				CLANG_WARN_EMPTY_BODY = YES;
				CLANG_WARN_ENUM_CONVERSION = YES;
				CLANG_WARN_INT_CONVERSION = YES;
				CLANG_WARN_OBJC_ROOT_CLASS = YES_ERROR;
				CLANG_WARN_UNREACHABLE_CODE = YES;
				CLANG_WARN__DUPLICATE_METHOD_MATCH = YES;
				"CODE_SIGN_IDENTITY[sdk=iphoneos*]" = "iPhone Developer";
				COPY_PHASE_STRIP = YES;
				ENABLE_NS_ASSERTIONS = NO;
				ENABLE_STRICT_OBJC_MSGSEND = YES;
				GCC_C_LANGUAGE_STANDARD = gnu99;
				GCC_WARN_64_TO_32_BIT_CONVERSION = YES;
				GCC_WARN_ABOUT_RETURN_TYPE = YES_ERROR;
				GCC_WARN_UNDECLARED_SELECTOR = YES;
				GCC_WARN_UNINITIALIZED_AUTOS = YES_AGGRESSIVE;
				GCC_WARN_UNUSED_FUNCTION = YES;
				GCC_WARN_UNUSED_VARIABLE = YES;
				IPHONEOS_DEPLOYMENT_TARGET = 8.1;
				MTL_ENABLE_DEBUG_INFO = NO;
				SDKROOT = iphoneos;
				TARGETED_DEVICE_FAMILY = "1,2";
				VALIDATE_PRODUCT = YES;
			};
			name = Release;
		};
		40497FFE1A0EAD6E007021A4 /* Debug */ = {
			isa = XCBuildConfiguration;
			buildSettings = {
				ASSETCATALOG_COMPILER_APPICON_NAME = AppIcon;
				CODE_SIGN_IDENTITY = "iPhone Developer";
				"CODE_SIGN_IDENTITY[sdk=iphoneos*]" = "iPhone Developer";
				INFOPLIST_FILE = "Code Fellows iOS Foundations II Assignment 4/Info.plist";
				LD_RUNPATH_SEARCH_PATHS = "$(inherited) @executable_path/Frameworks";
				PRODUCT_NAME = "$(TARGET_NAME)";
				PROVISIONING_PROFILE = "";
			};
			name = Debug;
		};
		40497FFF1A0EAD6E007021A4 /* Release */ = {
			isa = XCBuildConfiguration;
			buildSettings = {
				ASSETCATALOG_COMPILER_APPICON_NAME = AppIcon;
				CODE_SIGN_IDENTITY = "iPhone Developer";
				"CODE_SIGN_IDENTITY[sdk=iphoneos*]" = "iPhone Developer";
				INFOPLIST_FILE = "Code Fellows iOS Foundations II Assignment 4/Info.plist";
				LD_RUNPATH_SEARCH_PATHS = "$(inherited) @executable_path/Frameworks";
				PRODUCT_NAME = "$(TARGET_NAME)";
				PROVISIONING_PROFILE = "";
			};
			name = Release;
		};
		404980011A0EAD6E007021A4 /* Debug */ = {
			isa = XCBuildConfiguration;
			buildSettings = {
				BUNDLE_LOADER = "$(TEST_HOST)";
				FRAMEWORK_SEARCH_PATHS = (
					"$(SDKROOT)/Developer/Library/Frameworks",
					"$(inherited)",
				);
				GCC_PREPROCESSOR_DEFINITIONS = (
					"DEBUG=1",
					"$(inherited)",
				);
				INFOPLIST_FILE = "Code Fellows iOS Foundations II Assignment 4Tests/Info.plist";
				LD_RUNPATH_SEARCH_PATHS = "$(inherited) @executable_path/Frameworks @loader_path/Frameworks";
				PRODUCT_NAME = "$(TARGET_NAME)";
				TEST_HOST = "$(BUILT_PRODUCTS_DIR)/Code Fellows iOS Foundations II Assignment 4.app/Code Fellows iOS Foundations II Assignment 4";
			};
			name = Debug;
		};
		404980021A0EAD6E007021A4 /* Release */ = {
			isa = XCBuildConfiguration;
			buildSettings = {
				BUNDLE_LOADER = "$(TEST_HOST)";
				FRAMEWORK_SEARCH_PATHS = (
					"$(SDKROOT)/Developer/Library/Frameworks",
					"$(inherited)",
				);
				INFOPLIST_FILE = "Code Fellows iOS Foundations II Assignment 4Tests/Info.plist";
				LD_RUNPATH_SEARCH_PATHS = "$(inherited) @executable_path/Frameworks @loader_path/Frameworks";
				PRODUCT_NAME = "$(TARGET_NAME)";
				TEST_HOST = "$(BUILT_PRODUCTS_DIR)/Code Fellows iOS Foundations II Assignment 4.app/Code Fellows iOS Foundations II Assignment 4";
			};
			name = Release;
		};
/* End XCBuildConfiguration section */

/* Begin XCConfigurationList section */
		40497FD91A0EAD6D007021A4 /* Build configuration list for PBXProject "Code Fellows iOS Foundations II Assignment 4" */ = {
			isa = XCConfigurationList;
			buildConfigurations = (
				40497FFB1A0EAD6E007021A4 /* Debug */,
				40497FFC1A0EAD6E007021A4 /* Release */,
			);
			defaultConfigurationIsVisible = 0;
			defaultConfigurationName = Release;
		};
		40497FFD1A0EAD6E007021A4 /* Build configuration list for PBXNativeTarget "Code Fellows iOS Foundations II Assignment 4" */ = {
			isa = XCConfigurationList;
			buildConfigurations = (
				40497FFE1A0EAD6E007021A4 /* Debug */,
				40497FFF1A0EAD6E007021A4 /* Release */,
			);
			defaultConfigurationIsVisible = 0;
		};
		404980001A0EAD6E007021A4 /* Build configuration list for PBXNativeTarget "Code Fellows iOS Foundations II Assignment 4Tests" */ = {
			isa = XCConfigurationList;
			buildConfigurations = (
				404980011A0EAD6E007021A4 /* Debug */,
				404980021A0EAD6E007021A4 /* Release */,
			);
			defaultConfigurationIsVisible = 0;
		};
/* End XCConfigurationList section */
	};
	rootObject = 40497FD61A0EAD6D007021A4 /* Project object */;
}
