// !$*UTF8*$!
{
	archiveVersion = 1;
	classes = {
	};
	objectVersion = 46;
	objects = {

/* Begin PBXBuildFile section */
		404C66FC1A1947C700BCD26A /* AppDelegate.swift in Sources */ = {isa = PBXBuildFile; fileRef = 404C66FB1A1947C700BCD26A /* AppDelegate.swift */; };
		404C66FE1A1947C700BCD26A /* ViewController.swift in Sources */ = {isa = PBXBuildFile; fileRef = 404C66FD1A1947C700BCD26A /* ViewController.swift */; };
		404C67011A1947C700BCD26A /* Main.storyboard in Resources */ = {isa = PBXBuildFile; fileRef = 404C66FF1A1947C700BCD26A /* Main.storyboard */; };
		404C67031A1947C700BCD26A /* Images.xcassets in Resources */ = {isa = PBXBuildFile; fileRef = 404C67021A1947C700BCD26A /* Images.xcassets */; };
		404C67061A1947C700BCD26A /* LaunchScreen.xib in Resources */ = {isa = PBXBuildFile; fileRef = 404C67041A1947C700BCD26A /* LaunchScreen.xib */; };
		404C67121A1947C700BCD26A /* iOS_Foundations_II_Assignment_6Tests.swift in Sources */ = {isa = PBXBuildFile; fileRef = 404C67111A1947C700BCD26A /* iOS_Foundations_II_Assignment_6Tests.swift */; };
		404C671C1A19491A00BCD26A /* DetailViewController.swift in Sources */ = {isa = PBXBuildFile; fileRef = 404C671B1A19491A00BCD26A /* DetailViewController.swift */; };
		404C671E1A19493000BCD26A /* Person.swift in Sources */ = {isa = PBXBuildFile; fileRef = 404C671D1A19493000BCD26A /* Person.swift */; };
/* End PBXBuildFile section */

/* Begin PBXContainerItemProxy section */
		404C670C1A1947C700BCD26A /* PBXContainerItemProxy */ = {
			isa = PBXContainerItemProxy;
			containerPortal = 404C66EE1A1947C700BCD26A /* Project object */;
			proxyType = 1;
			remoteGlobalIDString = 404C66F51A1947C700BCD26A;
			remoteInfo = "iOS Foundations II Assignment 6";
		};
/* End PBXContainerItemProxy section */

/* Begin PBXFileReference section */
		404C66F61A1947C700BCD26A /* iOS Foundations II Assignment 6.app */ = {isa = PBXFileReference; explicitFileType = wrapper.application; includeInIndex = 0; path = "iOS Foundations II Assignment 6.app"; sourceTree = BUILT_PRODUCTS_DIR; };
		404C66FA1A1947C700BCD26A /* Info.plist */ = {isa = PBXFileReference; lastKnownFileType = text.plist.xml; path = Info.plist; sourceTree = "<group>"; };
		404C66FB1A1947C700BCD26A /* AppDelegate.swift */ = {isa = PBXFileReference; lastKnownFileType = sourcecode.swift; path = AppDelegate.swift; sourceTree = "<group>"; };
		404C66FD1A1947C700BCD26A /* ViewController.swift */ = {isa = PBXFileReference; lastKnownFileType = sourcecode.swift; path = ViewController.swift; sourceTree = "<group>"; };
		404C67001A1947C700BCD26A /* Base */ = {isa = PBXFileReference; lastKnownFileType = file.storyboard; name = Base; path = Base.lproj/Main.storyboard; sourceTree = "<group>"; };
		404C67021A1947C700BCD26A /* Images.xcassets */ = {isa = PBXFileReference; lastKnownFileType = folder.assetcatalog; path = Images.xcassets; sourceTree = "<group>"; };
		404C67051A1947C700BCD26A /* Base */ = {isa = PBXFileReference; lastKnownFileType = file.xib; name = Base; path = Base.lproj/LaunchScreen.xib; sourceTree = "<group>"; };
		404C670B1A1947C700BCD26A /* iOS Foundations II Assignment 6Tests.xctest */ = {isa = PBXFileReference; explicitFileType = wrapper.cfbundle; includeInIndex = 0; path = "iOS Foundations II Assignment 6Tests.xctest"; sourceTree = BUILT_PRODUCTS_DIR; };
		404C67101A1947C700BCD26A /* Info.plist */ = {isa = PBXFileReference; lastKnownFileType = text.plist.xml; path = Info.plist; sourceTree = "<group>"; };
		404C67111A1947C700BCD26A /* iOS_Foundations_II_Assignment_6Tests.swift */ = {isa = PBXFileReference; lastKnownFileType = sourcecode.swift; path = iOS_Foundations_II_Assignment_6Tests.swift; sourceTree = "<group>"; };
		404C671B1A19491A00BCD26A /* DetailViewController.swift */ = {isa = PBXFileReference; fileEncoding = 4; lastKnownFileType = sourcecode.swift; path = DetailViewController.swift; sourceTree = "<group>"; };
		404C671D1A19493000BCD26A /* Person.swift */ = {isa = PBXFileReference; fileEncoding = 4; lastKnownFileType = sourcecode.swift; path = Person.swift; sourceTree = "<group>"; };
/* End PBXFileReference section */

/* Begin PBXFrameworksBuildPhase section */
		404C66F31A1947C700BCD26A /* Frameworks */ = {
			isa = PBXFrameworksBuildPhase;
			buildActionMask = 2147483647;
			files = (
			);
			runOnlyForDeploymentPostprocessing = 0;
		};
		404C67081A1947C700BCD26A /* Frameworks */ = {
			isa = PBXFrameworksBuildPhase;
			buildActionMask = 2147483647;
			files = (
			);
			runOnlyForDeploymentPostprocessing = 0;
		};
/* End PBXFrameworksBuildPhase section */

/* Begin PBXGroup section */
		404C66ED1A1947C700BCD26A = {
			isa = PBXGroup;
			children = (
				404C66F81A1947C700BCD26A /* iOS Foundations II Assignment 6 */,
				404C670E1A1947C700BCD26A /* iOS Foundations II Assignment 6Tests */,
				404C66F71A1947C700BCD26A /* Products */,
			);
			sourceTree = "<group>";
		};
		404C66F71A1947C700BCD26A /* Products */ = {
			isa = PBXGroup;
			children = (
				404C66F61A1947C700BCD26A /* iOS Foundations II Assignment 6.app */,
				404C670B1A1947C700BCD26A /* iOS Foundations II Assignment 6Tests.xctest */,
			);
			name = Products;
			sourceTree = "<group>";
		};
		404C66F81A1947C700BCD26A /* iOS Foundations II Assignment 6 */ = {
			isa = PBXGroup;
			children = (
				404C66FB1A1947C700BCD26A /* AppDelegate.swift */,
				404C66FD1A1947C700BCD26A /* ViewController.swift */,
				404C66FF1A1947C700BCD26A /* Main.storyboard */,
				404C67021A1947C700BCD26A /* Images.xcassets */,
				404C67041A1947C700BCD26A /* LaunchScreen.xib */,
				404C66F91A1947C700BCD26A /* Supporting Files */,
				404C671B1A19491A00BCD26A /* DetailViewController.swift */,
				404C671D1A19493000BCD26A /* Person.swift */,
			);
			path = "iOS Foundations II Assignment 6";
			sourceTree = "<group>";
		};
		404C66F91A1947C700BCD26A /* Supporting Files */ = {
			isa = PBXGroup;
			children = (
				404C66FA1A1947C700BCD26A /* Info.plist */,
			);
			name = "Supporting Files";
			sourceTree = "<group>";
		};
		404C670E1A1947C700BCD26A /* iOS Foundations II Assignment 6Tests */ = {
			isa = PBXGroup;
			children = (
				404C67111A1947C700BCD26A /* iOS_Foundations_II_Assignment_6Tests.swift */,
				404C670F1A1947C700BCD26A /* Supporting Files */,
			);
			path = "iOS Foundations II Assignment 6Tests";
			sourceTree = "<group>";
		};
		404C670F1A1947C700BCD26A /* Supporting Files */ = {
			isa = PBXGroup;
			children = (
				404C67101A1947C700BCD26A /* Info.plist */,
			);
			name = "Supporting Files";
			sourceTree = "<group>";
		};
/* End PBXGroup section */

/* Begin PBXNativeTarget section */
		404C66F51A1947C700BCD26A /* iOS Foundations II Assignment 6 */ = {
			isa = PBXNativeTarget;
			buildConfigurationList = 404C67151A1947C700BCD26A /* Build configuration list for PBXNativeTarget "iOS Foundations II Assignment 6" */;
			buildPhases = (
				404C66F21A1947C700BCD26A /* Sources */,
				404C66F31A1947C700BCD26A /* Frameworks */,
				404C66F41A1947C700BCD26A /* Resources */,
			);
			buildRules = (
			);
			dependencies = (
			);
			name = "iOS Foundations II Assignment 6";
			productName = "iOS Foundations II Assignment 6";
			productReference = 404C66F61A1947C700BCD26A /* iOS Foundations II Assignment 6.app */;
			productType = "com.apple.product-type.application";
		};
		404C670A1A1947C700BCD26A /* iOS Foundations II Assignment 6Tests */ = {
			isa = PBXNativeTarget;
			buildConfigurationList = 404C67181A1947C700BCD26A /* Build configuration list for PBXNativeTarget "iOS Foundations II Assignment 6Tests" */;
			buildPhases = (
				404C67071A1947C700BCD26A /* Sources */,
				404C67081A1947C700BCD26A /* Frameworks */,
				404C67091A1947C700BCD26A /* Resources */,
			);
			buildRules = (
			);
			dependencies = (
				404C670D1A1947C700BCD26A /* PBXTargetDependency */,
			);
			name = "iOS Foundations II Assignment 6Tests";
			productName = "iOS Foundations II Assignment 6Tests";
			productReference = 404C670B1A1947C700BCD26A /* iOS Foundations II Assignment 6Tests.xctest */;
			productType = "com.apple.product-type.bundle.unit-test";
		};
/* End PBXNativeTarget section */

/* Begin PBXProject section */
		404C66EE1A1947C700BCD26A /* Project object */ = {
			isa = PBXProject;
			attributes = {
				LastUpgradeCheck = 0610;
				ORGANIZATIONNAME = "Eric Mentele";
				TargetAttributes = {
					404C66F51A1947C700BCD26A = {
						CreatedOnToolsVersion = 6.1;
					};
					404C670A1A1947C700BCD26A = {
						CreatedOnToolsVersion = 6.1;
						TestTargetID = 404C66F51A1947C700BCD26A;
					};
				};
			};
			buildConfigurationList = 404C66F11A1947C700BCD26A /* Build configuration list for PBXProject "iOS Foundations II Assignment 6" */;
			compatibilityVersion = "Xcode 3.2";
			developmentRegion = English;
			hasScannedForEncodings = 0;
			knownRegions = (
				en,
				Base,
			);
			mainGroup = 404C66ED1A1947C700BCD26A;
			productRefGroup = 404C66F71A1947C700BCD26A /* Products */;
			projectDirPath = "";
			projectRoot = "";
			targets = (
				404C66F51A1947C700BCD26A /* iOS Foundations II Assignment 6 */,
				404C670A1A1947C700BCD26A /* iOS Foundations II Assignment 6Tests */,
			);
		};
/* End PBXProject section */

/* Begin PBXResourcesBuildPhase section */
		404C66F41A1947C700BCD26A /* Resources */ = {
			isa = PBXResourcesBuildPhase;
			buildActionMask = 2147483647;
			files = (
				404C67011A1947C700BCD26A /* Main.storyboard in Resources */,
				404C67061A1947C700BCD26A /* LaunchScreen.xib in Resources */,
				404C67031A1947C700BCD26A /* Images.xcassets in Resources */,
			);
			runOnlyForDeploymentPostprocessing = 0;
		};
		404C67091A1947C700BCD26A /* Resources */ = {
			isa = PBXResourcesBuildPhase;
			buildActionMask = 2147483647;
			files = (
			);
			runOnlyForDeploymentPostprocessing = 0;
		};
/* End PBXResourcesBuildPhase section */

/* Begin PBXSourcesBuildPhase section */
		404C66F21A1947C700BCD26A /* Sources */ = {
			isa = PBXSourcesBuildPhase;
			buildActionMask = 2147483647;
			files = (
				404C671C1A19491A00BCD26A /* DetailViewController.swift in Sources */,
				404C66FE1A1947C700BCD26A /* ViewController.swift in Sources */,
				404C671E1A19493000BCD26A /* Person.swift in Sources */,
				404C66FC1A1947C700BCD26A /* AppDelegate.swift in Sources */,
			);
			runOnlyForDeploymentPostprocessing = 0;
		};
		404C67071A1947C700BCD26A /* Sources */ = {
			isa = PBXSourcesBuildPhase;
			buildActionMask = 2147483647;
			files = (
				404C67121A1947C700BCD26A /* iOS_Foundations_II_Assignment_6Tests.swift in Sources */,
			);
			runOnlyForDeploymentPostprocessing = 0;
		};
/* End PBXSourcesBuildPhase section */

/* Begin PBXTargetDependency section */
		404C670D1A1947C700BCD26A /* PBXTargetDependency */ = {
			isa = PBXTargetDependency;
			target = 404C66F51A1947C700BCD26A /* iOS Foundations II Assignment 6 */;
			targetProxy = 404C670C1A1947C700BCD26A /* PBXContainerItemProxy */;
		};
/* End PBXTargetDependency section */

/* Begin PBXVariantGroup section */
		404C66FF1A1947C700BCD26A /* Main.storyboard */ = {
			isa = PBXVariantGroup;
			children = (
				404C67001A1947C700BCD26A /* Base */,
			);
			name = Main.storyboard;
			sourceTree = "<group>";
		};
		404C67041A1947C700BCD26A /* LaunchScreen.xib */ = {
			isa = PBXVariantGroup;
			children = (
				404C67051A1947C700BCD26A /* Base */,
			);
			name = LaunchScreen.xib;
			sourceTree = "<group>";
		};
/* End PBXVariantGroup section */

/* Begin XCBuildConfiguration section */
		404C67131A1947C700BCD26A /* Debug */ = {
			isa = XCBuildConfiguration;
			buildSettings = {
				ALWAYS_SEARCH_USER_PATHS = NO;
				CLANG_CXX_LANGUAGE_STANDARD = "gnu++0x";
				CLANG_CXX_LIBRARY = "libc++";
				CLANG_ENABLE_MODULES = YES;
				CLANG_ENABLE_OBJC_ARC = YES;
				CLANG_WARN_BOOL_CONVERSION = YES;
				CLANG_WARN_CONSTANT_CONVERSION = YES;
				CLANG_WARN_DIRECT_OBJC_ISA_USAGE = YES_ERROR;
				CLANG_WARN_EMPTY_BODY = YES;
				CLANG_WARN_ENUM_CONVERSION = YES;
				CLANG_WARN_INT_CONVERSION = YES;
				CLANG_WARN_OBJC_ROOT_CLASS = YES_ERROR;
				CLANG_WARN_UNREACHABLE_CODE = YES;
				CLANG_WARN__DUPLICATE_METHOD_MATCH = YES;
				"CODE_SIGN_IDENTITY[sdk=iphoneos*]" = "iPhone Developer";
				COPY_PHASE_STRIP = NO;
				ENABLE_STRICT_OBJC_MSGSEND = YES;
				GCC_C_LANGUAGE_STANDARD = gnu99;
				GCC_DYNAMIC_NO_PIC = NO;
				GCC_OPTIMIZATION_LEVEL = 0;
				GCC_PREPROCESSOR_DEFINITIONS = (
					"DEBUG=1",
					"$(inherited)",
				);
				GCC_SYMBOLS_PRIVATE_EXTERN = NO;
				GCC_WARN_64_TO_32_BIT_CONVERSION = YES;
				GCC_WARN_ABOUT_RETURN_TYPE = YES_ERROR;
				GCC_WARN_UNDECLARED_SELECTOR = YES;
				GCC_WARN_UNINITIALIZED_AUTOS = YES_AGGRESSIVE;
				GCC_WARN_UNUSED_FUNCTION = YES;
				GCC_WARN_UNUSED_VARIABLE = YES;
				IPHONEOS_DEPLOYMENT_TARGET = 8.1;
				MTL_ENABLE_DEBUG_INFO = YES;
				ONLY_ACTIVE_ARCH = YES;
				SDKROOT = iphoneos;
				SWIFT_OPTIMIZATION_LEVEL = "-Onone";
				TARGETED_DEVICE_FAMILY = "1,2";
			};
			name = Debug;
		};
		404C67141A1947C700BCD26A /* Release */ = {
			isa = XCBuildConfiguration;
			buildSettings = {
				ALWAYS_SEARCH_USER_PATHS = NO;
				CLANG_CXX_LANGUAGE_STANDARD = "gnu++0x";
				CLANG_CXX_LIBRARY = "libc++";
				CLANG_ENABLE_MODULES = YES;
				CLANG_ENABLE_OBJC_ARC = YES;
				CLANG_WARN_BOOL_CONVERSION = YES;
				CLANG_WARN_CONSTANT_CONVERSION = YES;
				CLANG_WARN_DIRECT_OBJC_ISA_USAGE = YES_ERROR;
				CLANG_WARN_EMPTY_BODY = YES;
				CLANG_WARN_ENUM_CONVERSION = YES;
				CLANG_WARN_INT_CONVERSION = YES;
				CLANG_WARN_OBJC_ROOT_CLASS = YES_ERROR;
				CLANG_WARN_UNREACHABLE_CODE = YES;
				CLANG_WARN__DUPLICATE_METHOD_MATCH = YES;
				"CODE_SIGN_IDENTITY[sdk=iphoneos*]" = "iPhone Developer";
				COPY_PHASE_STRIP = YES;
				ENABLE_NS_ASSERTIONS = NO;
				ENABLE_STRICT_OBJC_MSGSEND = YES;
				GCC_C_LANGUAGE_STANDARD = gnu99;
				GCC_WARN_64_TO_32_BIT_CONVERSION = YES;
				GCC_WARN_ABOUT_RETURN_TYPE = YES_ERROR;
				GCC_WARN_UNDECLARED_SELECTOR = YES;
				GCC_WARN_UNINITIALIZED_AUTOS = YES_AGGRESSIVE;
				GCC_WARN_UNUSED_FUNCTION = YES;
				GCC_WARN_UNUSED_VARIABLE = YES;
				IPHONEOS_DEPLOYMENT_TARGET = 8.1;
				MTL_ENABLE_DEBUG_INFO = NO;
				SDKROOT = iphoneos;
				TARGETED_DEVICE_FAMILY = "1,2";
				VALIDATE_PRODUCT = YES;
			};
			name = Release;
		};
		404C67161A1947C700BCD26A /* Debug */ = {
			isa = XCBuildConfiguration;
			buildSettings = {
				ASSETCATALOG_COMPILER_APPICON_NAME = AppIcon;
				INFOPLIST_FILE = "iOS Foundations II Assignment 6/Info.plist";
				LD_RUNPATH_SEARCH_PATHS = "$(inherited) @executable_path/Frameworks";
				PRODUCT_NAME = "$(TARGET_NAME)";
			};
			name = Debug;
		};
		404C67171A1947C700BCD26A /* Release */ = {
			isa = XCBuildConfiguration;
			buildSettings = {
				ASSETCATALOG_COMPILER_APPICON_NAME = AppIcon;
				INFOPLIST_FILE = "iOS Foundations II Assignment 6/Info.plist";
				LD_RUNPATH_SEARCH_PATHS = "$(inherited) @executable_path/Frameworks";
				PRODUCT_NAME = "$(TARGET_NAME)";
			};
			name = Release;
		};
		404C67191A1947C700BCD26A /* Debug */ = {
			isa = XCBuildConfiguration;
			buildSettings = {
				BUNDLE_LOADER = "$(TEST_HOST)";
				FRAMEWORK_SEARCH_PATHS = (
					"$(SDKROOT)/Developer/Library/Frameworks",
					"$(inherited)",
				);
				GCC_PREPROCESSOR_DEFINITIONS = (
					"DEBUG=1",
					"$(inherited)",
				);
				INFOPLIST_FILE = "iOS Foundations II Assignment 6Tests/Info.plist";
				LD_RUNPATH_SEARCH_PATHS = "$(inherited) @executable_path/Frameworks @loader_path/Frameworks";
				PRODUCT_NAME = "$(TARGET_NAME)";
				TEST_HOST = "$(BUILT_PRODUCTS_DIR)/iOS Foundations II Assignment 6.app/iOS Foundations II Assignment 6";
			};
			name = Debug;
		};
		404C671A1A1947C700BCD26A /* Release */ = {
			isa = XCBuildConfiguration;
			buildSettings = {
				BUNDLE_LOADER = "$(TEST_HOST)";
				FRAMEWORK_SEARCH_PATHS = (
					"$(SDKROOT)/Developer/Library/Frameworks",
					"$(inherited)",
				);
				INFOPLIST_FILE = "iOS Foundations II Assignment 6Tests/Info.plist";
				LD_RUNPATH_SEARCH_PATHS = "$(inherited) @executable_path/Frameworks @loader_path/Frameworks";
				PRODUCT_NAME = "$(TARGET_NAME)";
				TEST_HOST = "$(BUILT_PRODUCTS_DIR)/iOS Foundations II Assignment 6.app/iOS Foundations II Assignment 6";
			};
			name = Release;
		};
/* End XCBuildConfiguration section */

/* Begin XCConfigurationList section */
		404C66F11A1947C700BCD26A /* Build configuration list for PBXProject "iOS Foundations II Assignment 6" */ = {
			isa = XCConfigurationList;
			buildConfigurations = (
				404C67131A1947C700BCD26A /* Debug */,
				404C67141A1947C700BCD26A /* Release */,
			);
			defaultConfigurationIsVisible = 0;
			defaultConfigurationName = Release;
		};
		404C67151A1947C700BCD26A /* Build configuration list for PBXNativeTarget "iOS Foundations II Assignment 6" */ = {
			isa = XCConfigurationList;
			buildConfigurations = (
				404C67161A1947C700BCD26A /* Debug */,
				404C67171A1947C700BCD26A /* Release */,
			);
			defaultConfigurationIsVisible = 0;
		};
		404C67181A1947C700BCD26A /* Build configuration list for PBXNativeTarget "iOS Foundations II Assignment 6Tests" */ = {
			isa = XCConfigurationList;
			buildConfigurations = (
				404C67191A1947C700BCD26A /* Debug */,
				404C671A1A1947C700BCD26A /* Release */,
			);
			defaultConfigurationIsVisible = 0;
		};
/* End XCConfigurationList section */
	};
	rootObject = 404C66EE1A1947C700BCD26A /* Project object */;
}
