// !$*UTF8*$!
{
	archiveVersion = 1;
	classes = {
	};
	objectVersion = 46;
	objects = {

/* Begin PBXBuildFile section */
		408E470B1A0C83CD00EFA452 /* AppDelegate.swift in Sources */ = {isa = PBXBuildFile; fileRef = 408E470A1A0C83CD00EFA452 /* AppDelegate.swift */; };
		408E470D1A0C83CD00EFA452 /* ViewController.swift in Sources */ = {isa = PBXBuildFile; fileRef = 408E470C1A0C83CD00EFA452 /* ViewController.swift */; };
		408E47101A0C83CD00EFA452 /* Main.storyboard in Resources */ = {isa = PBXBuildFile; fileRef = 408E470E1A0C83CD00EFA452 /* Main.storyboard */; };
		408E47121A0C83CD00EFA452 /* Images.xcassets in Resources */ = {isa = PBXBuildFile; fileRef = 408E47111A0C83CD00EFA452 /* Images.xcassets */; };
		408E47151A0C83CD00EFA452 /* LaunchScreen.xib in Resources */ = {isa = PBXBuildFile; fileRef = 408E47131A0C83CD00EFA452 /* LaunchScreen.xib */; };
		408E47211A0C83CD00EFA452 /* iOS_Foundations_II_Assignment_3Tests.swift in Sources */ = {isa = PBXBuildFile; fileRef = 408E47201A0C83CD00EFA452 /* iOS_Foundations_II_Assignment_3Tests.swift */; };
		408E472E1A0C84BE00EFA452 /* Person Model.swift in Sources */ = {isa = PBXBuildFile; fileRef = 408E472D1A0C84BE00EFA452 /* Person Model.swift */; };
/* End PBXBuildFile section */

/* Begin PBXContainerItemProxy section */
		408E471B1A0C83CD00EFA452 /* PBXContainerItemProxy */ = {
			isa = PBXContainerItemProxy;
			containerPortal = 408E46FD1A0C83CD00EFA452 /* Project object */;
			proxyType = 1;
			remoteGlobalIDString = 408E47041A0C83CD00EFA452;
			remoteInfo = "iOS Foundations II Assignment 3";
		};
/* End PBXContainerItemProxy section */

/* Begin PBXFileReference section */
		408E47051A0C83CD00EFA452 /* iOS Foundations II Assignment 3.app */ = {isa = PBXFileReference; explicitFileType = wrapper.application; includeInIndex = 0; path = "iOS Foundations II Assignment 3.app"; sourceTree = BUILT_PRODUCTS_DIR; };
		408E47091A0C83CD00EFA452 /* Info.plist */ = {isa = PBXFileReference; lastKnownFileType = text.plist.xml; path = Info.plist; sourceTree = "<group>"; };
		408E470A1A0C83CD00EFA452 /* AppDelegate.swift */ = {isa = PBXFileReference; lastKnownFileType = sourcecode.swift; path = AppDelegate.swift; sourceTree = "<group>"; };
		408E470C1A0C83CD00EFA452 /* ViewController.swift */ = {isa = PBXFileReference; lastKnownFileType = sourcecode.swift; path = ViewController.swift; sourceTree = "<group>"; };
		408E470F1A0C83CD00EFA452 /* Base */ = {isa = PBXFileReference; lastKnownFileType = file.storyboard; name = Base; path = Base.lproj/Main.storyboard; sourceTree = "<group>"; };
		408E47111A0C83CD00EFA452 /* Images.xcassets */ = {isa = PBXFileReference; lastKnownFileType = folder.assetcatalog; path = Images.xcassets; sourceTree = "<group>"; };
		408E47141A0C83CD00EFA452 /* Base */ = {isa = PBXFileReference; lastKnownFileType = file.xib; name = Base; path = Base.lproj/LaunchScreen.xib; sourceTree = "<group>"; };
		408E471A1A0C83CD00EFA452 /* iOS Foundations II Assignment 3Tests.xctest */ = {isa = PBXFileReference; explicitFileType = wrapper.cfbundle; includeInIndex = 0; path = "iOS Foundations II Assignment 3Tests.xctest"; sourceTree = BUILT_PRODUCTS_DIR; };
		408E471F1A0C83CD00EFA452 /* Info.plist */ = {isa = PBXFileReference; lastKnownFileType = text.plist.xml; path = Info.plist; sourceTree = "<group>"; };
		408E47201A0C83CD00EFA452 /* iOS_Foundations_II_Assignment_3Tests.swift */ = {isa = PBXFileReference; lastKnownFileType = sourcecode.swift; path = iOS_Foundations_II_Assignment_3Tests.swift; sourceTree = "<group>"; };
		408E472D1A0C84BE00EFA452 /* Person Model.swift */ = {isa = PBXFileReference; fileEncoding = 4; lastKnownFileType = sourcecode.swift; path = "Person Model.swift"; sourceTree = "<group>"; };
/* End PBXFileReference section */

/* Begin PBXFrameworksBuildPhase section */
		408E47021A0C83CD00EFA452 /* Frameworks */ = {
			isa = PBXFrameworksBuildPhase;
			buildActionMask = 2147483647;
			files = (
			);
			runOnlyForDeploymentPostprocessing = 0;
		};
		408E47171A0C83CD00EFA452 /* Frameworks */ = {
			isa = PBXFrameworksBuildPhase;
			buildActionMask = 2147483647;
			files = (
			);
			runOnlyForDeploymentPostprocessing = 0;
		};
/* End PBXFrameworksBuildPhase section */

/* Begin PBXGroup section */
		408E46FC1A0C83CD00EFA452 = {
			isa = PBXGroup;
			children = (
				408E47071A0C83CD00EFA452 /* iOS Foundations II Assignment 3 */,
				408E471D1A0C83CD00EFA452 /* iOS Foundations II Assignment 3Tests */,
				408E47061A0C83CD00EFA452 /* Products */,
			);
			sourceTree = "<group>";
		};
		408E47061A0C83CD00EFA452 /* Products */ = {
			isa = PBXGroup;
			children = (
				408E47051A0C83CD00EFA452 /* iOS Foundations II Assignment 3.app */,
				408E471A1A0C83CD00EFA452 /* iOS Foundations II Assignment 3Tests.xctest */,
			);
			name = Products;
			sourceTree = "<group>";
		};
		408E47071A0C83CD00EFA452 /* iOS Foundations II Assignment 3 */ = {
			isa = PBXGroup;
			children = (
				408E472A1A0C83FB00EFA452 /* Controller Layer */,
				408E472B1A0C840600EFA452 /* View Layer */,
				408E472C1A0C841600EFA452 /* Model Layer */,
				408E47081A0C83CD00EFA452 /* Supporting Files */,
			);
			path = "iOS Foundations II Assignment 3";
			sourceTree = "<group>";
		};
		408E47081A0C83CD00EFA452 /* Supporting Files */ = {
			isa = PBXGroup;
			children = (
				408E47091A0C83CD00EFA452 /* Info.plist */,
			);
			name = "Supporting Files";
			sourceTree = "<group>";
		};
		408E471D1A0C83CD00EFA452 /* iOS Foundations II Assignment 3Tests */ = {
			isa = PBXGroup;
			children = (
				408E47201A0C83CD00EFA452 /* iOS_Foundations_II_Assignment_3Tests.swift */,
				408E471E1A0C83CD00EFA452 /* Supporting Files */,
			);
			path = "iOS Foundations II Assignment 3Tests";
			sourceTree = "<group>";
		};
		408E471E1A0C83CD00EFA452 /* Supporting Files */ = {
			isa = PBXGroup;
			children = (
				408E471F1A0C83CD00EFA452 /* Info.plist */,
			);
			name = "Supporting Files";
			sourceTree = "<group>";
		};
		408E472A1A0C83FB00EFA452 /* Controller Layer */ = {
			isa = PBXGroup;
			children = (
				408E470C1A0C83CD00EFA452 /* ViewController.swift */,
			);
			name = "Controller Layer";
			sourceTree = "<group>";
		};
		408E472B1A0C840600EFA452 /* View Layer */ = {
			isa = PBXGroup;
			children = (
				408E470E1A0C83CD00EFA452 /* Main.storyboard */,
				408E47131A0C83CD00EFA452 /* LaunchScreen.xib */,
				408E47111A0C83CD00EFA452 /* Images.xcassets */,
			);
			name = "View Layer";
			sourceTree = "<group>";
		};
		408E472C1A0C841600EFA452 /* Model Layer */ = {
			isa = PBXGroup;
			children = (
				408E470A1A0C83CD00EFA452 /* AppDelegate.swift */,
				408E472D1A0C84BE00EFA452 /* Person Model.swift */,
			);
			name = "Model Layer";
			sourceTree = "<group>";
		};
/* End PBXGroup section */

/* Begin PBXNativeTarget section */
		408E47041A0C83CD00EFA452 /* iOS Foundations II Assignment 3 */ = {
			isa = PBXNativeTarget;
			buildConfigurationList = 408E47241A0C83CD00EFA452 /* Build configuration list for PBXNativeTarget "iOS Foundations II Assignment 3" */;
			buildPhases = (
				408E47011A0C83CD00EFA452 /* Sources */,
				408E47021A0C83CD00EFA452 /* Frameworks */,
				408E47031A0C83CD00EFA452 /* Resources */,
			);
			buildRules = (
			);
			dependencies = (
			);
			name = "iOS Foundations II Assignment 3";
			productName = "iOS Foundations II Assignment 3";
			productReference = 408E47051A0C83CD00EFA452 /* iOS Foundations II Assignment 3.app */;
			productType = "com.apple.product-type.application";
		};
		408E47191A0C83CD00EFA452 /* iOS Foundations II Assignment 3Tests */ = {
			isa = PBXNativeTarget;
			buildConfigurationList = 408E47271A0C83CD00EFA452 /* Build configuration list for PBXNativeTarget "iOS Foundations II Assignment 3Tests" */;
			buildPhases = (
				408E47161A0C83CD00EFA452 /* Sources */,
				408E47171A0C83CD00EFA452 /* Frameworks */,
				408E47181A0C83CD00EFA452 /* Resources */,
			);
			buildRules = (
			);
			dependencies = (
				408E471C1A0C83CD00EFA452 /* PBXTargetDependency */,
			);
			name = "iOS Foundations II Assignment 3Tests";
			productName = "iOS Foundations II Assignment 3Tests";
			productReference = 408E471A1A0C83CD00EFA452 /* iOS Foundations II Assignment 3Tests.xctest */;
			productType = "com.apple.product-type.bundle.unit-test";
		};
/* End PBXNativeTarget section */

/* Begin PBXProject section */
		408E46FD1A0C83CD00EFA452 /* Project object */ = {
			isa = PBXProject;
			attributes = {
				LastUpgradeCheck = 0610;
				ORGANIZATIONNAME = "Eric Mentele";
				TargetAttributes = {
					408E47041A0C83CD00EFA452 = {
						CreatedOnToolsVersion = 6.1;
						DevelopmentTeam = 8F48NKUJX6;
					};
					408E47191A0C83CD00EFA452 = {
						CreatedOnToolsVersion = 6.1;
						TestTargetID = 408E47041A0C83CD00EFA452;
					};
				};
			};
			buildConfigurationList = 408E47001A0C83CD00EFA452 /* Build configuration list for PBXProject "iOS Foundations II Assignment 3" */;
			compatibilityVersion = "Xcode 3.2";
			developmentRegion = English;
			hasScannedForEncodings = 0;
			knownRegions = (
				en,
				Base,
			);
			mainGroup = 408E46FC1A0C83CD00EFA452;
			productRefGroup = 408E47061A0C83CD00EFA452 /* Products */;
			projectDirPath = "";
			projectRoot = "";
			targets = (
				408E47041A0C83CD00EFA452 /* iOS Foundations II Assignment 3 */,
				408E47191A0C83CD00EFA452 /* iOS Foundations II Assignment 3Tests */,
			);
		};
/* End PBXProject section */

/* Begin PBXResourcesBuildPhase section */
		408E47031A0C83CD00EFA452 /* Resources */ = {
			isa = PBXResourcesBuildPhase;
			buildActionMask = 2147483647;
			files = (
				408E47101A0C83CD00EFA452 /* Main.storyboard in Resources */,
				408E47151A0C83CD00EFA452 /* LaunchScreen.xib in Resources */,
				408E47121A0C83CD00EFA452 /* Images.xcassets in Resources */,
			);
			runOnlyForDeploymentPostprocessing = 0;
		};
		408E47181A0C83CD00EFA452 /* Resources */ = {
			isa = PBXResourcesBuildPhase;
			buildActionMask = 2147483647;
			files = (
			);
			runOnlyForDeploymentPostprocessing = 0;
		};
/* End PBXResourcesBuildPhase section */

/* Begin PBXSourcesBuildPhase section */
		408E47011A0C83CD00EFA452 /* Sources */ = {
			isa = PBXSourcesBuildPhase;
			buildActionMask = 2147483647;
			files = (
				408E470D1A0C83CD00EFA452 /* ViewController.swift in Sources */,
				408E470B1A0C83CD00EFA452 /* AppDelegate.swift in Sources */,
				408E472E1A0C84BE00EFA452 /* Person Model.swift in Sources */,
			);
			runOnlyForDeploymentPostprocessing = 0;
		};
		408E47161A0C83CD00EFA452 /* Sources */ = {
			isa = PBXSourcesBuildPhase;
			buildActionMask = 2147483647;
			files = (
				408E47211A0C83CD00EFA452 /* iOS_Foundations_II_Assignment_3Tests.swift in Sources */,
			);
			runOnlyForDeploymentPostprocessing = 0;
		};
/* End PBXSourcesBuildPhase section */

/* Begin PBXTargetDependency section */
		408E471C1A0C83CD00EFA452 /* PBXTargetDependency */ = {
			isa = PBXTargetDependency;
			target = 408E47041A0C83CD00EFA452 /* iOS Foundations II Assignment 3 */;
			targetProxy = 408E471B1A0C83CD00EFA452 /* PBXContainerItemProxy */;
		};
/* End PBXTargetDependency section */

/* Begin PBXVariantGroup section */
		408E470E1A0C83CD00EFA452 /* Main.storyboard */ = {
			isa = PBXVariantGroup;
			children = (
				408E470F1A0C83CD00EFA452 /* Base */,
			);
			name = Main.storyboard;
			sourceTree = "<group>";
		};
		408E47131A0C83CD00EFA452 /* LaunchScreen.xib */ = {
			isa = PBXVariantGroup;
			children = (
				408E47141A0C83CD00EFA452 /* Base */,
			);
			name = LaunchScreen.xib;
			sourceTree = "<group>";
		};
/* End PBXVariantGroup section */

/* Begin XCBuildConfiguration section */
		408E47221A0C83CD00EFA452 /* Debug */ = {
			isa = XCBuildConfiguration;
			buildSettings = {
				ALWAYS_SEARCH_USER_PATHS = NO;
				CLANG_CXX_LANGUAGE_STANDARD = "gnu++0x";
				CLANG_CXX_LIBRARY = "libc++";
				CLANG_ENABLE_MODULES = YES;
				CLANG_ENABLE_OBJC_ARC = YES;
				CLANG_WARN_BOOL_CONVERSION = YES;
				CLANG_WARN_CONSTANT_CONVERSION = YES;
				CLANG_WARN_DIRECT_OBJC_ISA_USAGE = YES_ERROR;
				CLANG_WARN_EMPTY_BODY = YES;
				CLANG_WARN_ENUM_CONVERSION = YES;
				CLANG_WARN_INT_CONVERSION = YES;
				CLANG_WARN_OBJC_ROOT_CLASS = YES_ERROR;
				CLANG_WARN_UNREACHABLE_CODE = YES;
				CLANG_WARN__DUPLICATE_METHOD_MATCH = YES;
				"CODE_SIGN_IDENTITY[sdk=iphoneos*]" = "iPhone Developer";
				COPY_PHASE_STRIP = NO;
				ENABLE_STRICT_OBJC_MSGSEND = YES;
				GCC_C_LANGUAGE_STANDARD = gnu99;
				GCC_DYNAMIC_NO_PIC = NO;
				GCC_OPTIMIZATION_LEVEL = 0;
				GCC_PREPROCESSOR_DEFINITIONS = (
					"DEBUG=1",
					"$(inherited)",
				);
				GCC_SYMBOLS_PRIVATE_EXTERN = NO;
				GCC_WARN_64_TO_32_BIT_CONVERSION = YES;
				GCC_WARN_ABOUT_RETURN_TYPE = YES_ERROR;
				GCC_WARN_UNDECLARED_SELECTOR = YES;
				GCC_WARN_UNINITIALIZED_AUTOS = YES_AGGRESSIVE;
				GCC_WARN_UNUSED_FUNCTION = YES;
				GCC_WARN_UNUSED_VARIABLE = YES;
				IPHONEOS_DEPLOYMENT_TARGET = 8.1;
				MTL_ENABLE_DEBUG_INFO = YES;
				ONLY_ACTIVE_ARCH = YES;
				SDKROOT = iphoneos;
				SWIFT_OPTIMIZATION_LEVEL = "-Onone";
				TARGETED_DEVICE_FAMILY = "1,2";
			};
			name = Debug;
		};
		408E47231A0C83CD00EFA452 /* Release */ = {
			isa = XCBuildConfiguration;
			buildSettings = {
				ALWAYS_SEARCH_USER_PATHS = NO;
				CLANG_CXX_LANGUAGE_STANDARD = "gnu++0x";
				CLANG_CXX_LIBRARY = "libc++";
				CLANG_ENABLE_MODULES = YES;
				CLANG_ENABLE_OBJC_ARC = YES;
				CLANG_WARN_BOOL_CONVERSION = YES;
				CLANG_WARN_CONSTANT_CONVERSION = YES;
				CLANG_WARN_DIRECT_OBJC_ISA_USAGE = YES_ERROR;
				CLANG_WARN_EMPTY_BODY = YES;
				CLANG_WARN_ENUM_CONVERSION = YES;
				CLANG_WARN_INT_CONVERSION = YES;
				CLANG_WARN_OBJC_ROOT_CLASS = YES_ERROR;
				CLANG_WARN_UNREACHABLE_CODE = YES;
				CLANG_WARN__DUPLICATE_METHOD_MATCH = YES;
				"CODE_SIGN_IDENTITY[sdk=iphoneos*]" = "iPhone Developer";
				COPY_PHASE_STRIP = YES;
				ENABLE_NS_ASSERTIONS = NO;
				ENABLE_STRICT_OBJC_MSGSEND = YES;
				GCC_C_LANGUAGE_STANDARD = gnu99;
				GCC_WARN_64_TO_32_BIT_CONVERSION = YES;
				GCC_WARN_ABOUT_RETURN_TYPE = YES_ERROR;
				GCC_WARN_UNDECLARED_SELECTOR = YES;
				GCC_WARN_UNINITIALIZED_AUTOS = YES_AGGRESSIVE;
				GCC_WARN_UNUSED_FUNCTION = YES;
				GCC_WARN_UNUSED_VARIABLE = YES;
				IPHONEOS_DEPLOYMENT_TARGET = 8.1;
				MTL_ENABLE_DEBUG_INFO = NO;
				SDKROOT = iphoneos;
				TARGETED_DEVICE_FAMILY = "1,2";
				VALIDATE_PRODUCT = YES;
			};
			name = Release;
		};
		408E47251A0C83CD00EFA452 /* Debug */ = {
			isa = XCBuildConfiguration;
			buildSettings = {
				ASSETCATALOG_COMPILER_APPICON_NAME = AppIcon;
				CODE_SIGN_IDENTITY = "iPhone Developer";
				"CODE_SIGN_IDENTITY[sdk=iphoneos*]" = "iPhone Developer";
				INFOPLIST_FILE = "iOS Foundations II Assignment 3/Info.plist";
				LD_RUNPATH_SEARCH_PATHS = "$(inherited) @executable_path/Frameworks";
				PRODUCT_NAME = "$(TARGET_NAME)";
				PROVISIONING_PROFILE = "";
			};
			name = Debug;
		};
		408E47261A0C83CD00EFA452 /* Release */ = {
			isa = XCBuildConfiguration;
			buildSettings = {
				ASSETCATALOG_COMPILER_APPICON_NAME = AppIcon;
				CODE_SIGN_IDENTITY = "iPhone Developer";
				"CODE_SIGN_IDENTITY[sdk=iphoneos*]" = "iPhone Developer";
				INFOPLIST_FILE = "iOS Foundations II Assignment 3/Info.plist";
				LD_RUNPATH_SEARCH_PATHS = "$(inherited) @executable_path/Frameworks";
				PRODUCT_NAME = "$(TARGET_NAME)";
				PROVISIONING_PROFILE = "";
			};
			name = Release;
		};
		408E47281A0C83CD00EFA452 /* Debug */ = {
			isa = XCBuildConfiguration;
			buildSettings = {
				BUNDLE_LOADER = "$(TEST_HOST)";
				FRAMEWORK_SEARCH_PATHS = (
					"$(SDKROOT)/Developer/Library/Frameworks",
					"$(inherited)",
				);
				GCC_PREPROCESSOR_DEFINITIONS = (
					"DEBUG=1",
					"$(inherited)",
				);
				INFOPLIST_FILE = "iOS Foundations II Assignment 3Tests/Info.plist";
				LD_RUNPATH_SEARCH_PATHS = "$(inherited) @executable_path/Frameworks @loader_path/Frameworks";
				PRODUCT_NAME = "$(TARGET_NAME)";
				TEST_HOST = "$(BUILT_PRODUCTS_DIR)/iOS Foundations II Assignment 3.app/iOS Foundations II Assignment 3";
			};
			name = Debug;
		};
		408E47291A0C83CD00EFA452 /* Release */ = {
			isa = XCBuildConfiguration;
			buildSettings = {
				BUNDLE_LOADER = "$(TEST_HOST)";
				FRAMEWORK_SEARCH_PATHS = (
					"$(SDKROOT)/Developer/Library/Frameworks",
					"$(inherited)",
				);
				INFOPLIST_FILE = "iOS Foundations II Assignment 3Tests/Info.plist";
				LD_RUNPATH_SEARCH_PATHS = "$(inherited) @executable_path/Frameworks @loader_path/Frameworks";
				PRODUCT_NAME = "$(TARGET_NAME)";
				TEST_HOST = "$(BUILT_PRODUCTS_DIR)/iOS Foundations II Assignment 3.app/iOS Foundations II Assignment 3";
			};
			name = Release;
		};
/* End XCBuildConfiguration section */

/* Begin XCConfigurationList section */
		408E47001A0C83CD00EFA452 /* Build configuration list for PBXProject "iOS Foundations II Assignment 3" */ = {
			isa = XCConfigurationList;
			buildConfigurations = (
				408E47221A0C83CD00EFA452 /* Debug */,
				408E47231A0C83CD00EFA452 /* Release */,
			);
			defaultConfigurationIsVisible = 0;
			defaultConfigurationName = Release;
		};
		408E47241A0C83CD00EFA452 /* Build configuration list for PBXNativeTarget "iOS Foundations II Assignment 3" */ = {
			isa = XCConfigurationList;
			buildConfigurations = (
				408E47251A0C83CD00EFA452 /* Debug */,
				408E47261A0C83CD00EFA452 /* Release */,
			);
			defaultConfigurationIsVisible = 0;
			defaultConfigurationName = Release;
		};
		408E47271A0C83CD00EFA452 /* Build configuration list for PBXNativeTarget "iOS Foundations II Assignment 3Tests" */ = {
			isa = XCConfigurationList;
			buildConfigurations = (
				408E47281A0C83CD00EFA452 /* Debug */,
				408E47291A0C83CD00EFA452 /* Release */,
			);
			defaultConfigurationIsVisible = 0;
			defaultConfigurationName = Release;
		};
/* End XCConfigurationList section */
	};
	rootObject = 408E46FD1A0C83CD00EFA452 /* Project object */;
}
