// !$*UTF8*$!
{
	archiveVersion = 1;
	classes = {
	};
	objectVersion = 46;
	objects = {

/* Begin PBXBuildFile section */
		4049801D1A10558A007021A4 /* AppDelegate.swift in Sources */ = {isa = PBXBuildFile; fileRef = 4049801C1A10558A007021A4 /* AppDelegate.swift */; };
		4049801F1A10558A007021A4 /* ViewController.swift in Sources */ = {isa = PBXBuildFile; fileRef = 4049801E1A10558A007021A4 /* ViewController.swift */; };
		404980221A10558A007021A4 /* Main.storyboard in Resources */ = {isa = PBXBuildFile; fileRef = 404980201A10558A007021A4 /* Main.storyboard */; };
		404980241A10558A007021A4 /* Images.xcassets in Resources */ = {isa = PBXBuildFile; fileRef = 404980231A10558A007021A4 /* Images.xcassets */; };
		404980271A10558A007021A4 /* LaunchScreen.xib in Resources */ = {isa = PBXBuildFile; fileRef = 404980251A10558A007021A4 /* LaunchScreen.xib */; };
		404980331A10558B007021A4 /* iOS_Foundations_II_Assignment_4Tests.swift in Sources */ = {isa = PBXBuildFile; fileRef = 404980321A10558B007021A4 /* iOS_Foundations_II_Assignment_4Tests.swift */; };
		4049803E1A1059F4007021A4 /* DetailViewController.swift in Sources */ = {isa = PBXBuildFile; fileRef = 4049803C1A1059F4007021A4 /* DetailViewController.swift */; };
		4049803F1A1059F4007021A4 /* DetailViewController.xib in Resources */ = {isa = PBXBuildFile; fileRef = 4049803D1A1059F4007021A4 /* DetailViewController.xib */; };
		404980411A105A53007021A4 /* Person.swift in Sources */ = {isa = PBXBuildFile; fileRef = 404980401A105A53007021A4 /* Person.swift */; };
/* End PBXBuildFile section */

/* Begin PBXContainerItemProxy section */
		4049802D1A10558A007021A4 /* PBXContainerItemProxy */ = {
			isa = PBXContainerItemProxy;
			containerPortal = 4049800F1A10558A007021A4 /* Project object */;
			proxyType = 1;
			remoteGlobalIDString = 404980161A10558A007021A4;
			remoteInfo = "iOS Foundations II Assignment 4";
		};
/* End PBXContainerItemProxy section */

/* Begin PBXFileReference section */
		404980171A10558A007021A4 /* iOS Foundations II Assignment 4.app */ = {isa = PBXFileReference; explicitFileType = wrapper.application; includeInIndex = 0; path = "iOS Foundations II Assignment 4.app"; sourceTree = BUILT_PRODUCTS_DIR; };
		4049801B1A10558A007021A4 /* Info.plist */ = {isa = PBXFileReference; lastKnownFileType = text.plist.xml; path = Info.plist; sourceTree = "<group>"; };
		4049801C1A10558A007021A4 /* AppDelegate.swift */ = {isa = PBXFileReference; lastKnownFileType = sourcecode.swift; path = AppDelegate.swift; sourceTree = "<group>"; };
		4049801E1A10558A007021A4 /* ViewController.swift */ = {isa = PBXFileReference; lastKnownFileType = sourcecode.swift; path = ViewController.swift; sourceTree = "<group>"; };
		404980211A10558A007021A4 /* Base */ = {isa = PBXFileReference; lastKnownFileType = file.storyboard; name = Base; path = Base.lproj/Main.storyboard; sourceTree = "<group>"; };
		404980231A10558A007021A4 /* Images.xcassets */ = {isa = PBXFileReference; lastKnownFileType = folder.assetcatalog; path = Images.xcassets; sourceTree = "<group>"; };
		404980261A10558A007021A4 /* Base */ = {isa = PBXFileReference; lastKnownFileType = file.xib; name = Base; path = Base.lproj/LaunchScreen.xib; sourceTree = "<group>"; };
		4049802C1A10558A007021A4 /* iOS Foundations II Assignment 4Tests.xctest */ = {isa = PBXFileReference; explicitFileType = wrapper.cfbundle; includeInIndex = 0; path = "iOS Foundations II Assignment 4Tests.xctest"; sourceTree = BUILT_PRODUCTS_DIR; };
		404980311A10558B007021A4 /* Info.plist */ = {isa = PBXFileReference; lastKnownFileType = text.plist.xml; path = Info.plist; sourceTree = "<group>"; };
		404980321A10558B007021A4 /* iOS_Foundations_II_Assignment_4Tests.swift */ = {isa = PBXFileReference; lastKnownFileType = sourcecode.swift; path = iOS_Foundations_II_Assignment_4Tests.swift; sourceTree = "<group>"; };
		4049803C1A1059F4007021A4 /* DetailViewController.swift */ = {isa = PBXFileReference; fileEncoding = 4; lastKnownFileType = sourcecode.swift; path = DetailViewController.swift; sourceTree = "<group>"; };
		4049803D1A1059F4007021A4 /* DetailViewController.xib */ = {isa = PBXFileReference; fileEncoding = 4; lastKnownFileType = file.xib; path = DetailViewController.xib; sourceTree = "<group>"; };
		404980401A105A53007021A4 /* Person.swift */ = {isa = PBXFileReference; fileEncoding = 4; lastKnownFileType = sourcecode.swift; path = Person.swift; sourceTree = "<group>"; };
/* End PBXFileReference section */

/* Begin PBXFrameworksBuildPhase section */
		404980141A10558A007021A4 /* Frameworks */ = {
			isa = PBXFrameworksBuildPhase;
			buildActionMask = 2147483647;
			files = (
			);
			runOnlyForDeploymentPostprocessing = 0;
		};
		404980291A10558A007021A4 /* Frameworks */ = {
			isa = PBXFrameworksBuildPhase;
			buildActionMask = 2147483647;
			files = (
			);
			runOnlyForDeploymentPostprocessing = 0;
		};
/* End PBXFrameworksBuildPhase section */

/* Begin PBXGroup section */
		4049800E1A10558A007021A4 = {
			isa = PBXGroup;
			children = (
				404980191A10558A007021A4 /* iOS Foundations II Assignment 4 */,
				4049802F1A10558B007021A4 /* iOS Foundations II Assignment 4Tests */,
				404980181A10558A007021A4 /* Products */,
			);
			sourceTree = "<group>";
		};
		404980181A10558A007021A4 /* Products */ = {
			isa = PBXGroup;
			children = (
				404980171A10558A007021A4 /* iOS Foundations II Assignment 4.app */,
				4049802C1A10558A007021A4 /* iOS Foundations II Assignment 4Tests.xctest */,
			);
			name = Products;
			sourceTree = "<group>";
		};
		404980191A10558A007021A4 /* iOS Foundations II Assignment 4 */ = {
			isa = PBXGroup;
			children = (
				4049801C1A10558A007021A4 /* AppDelegate.swift */,
				4049801E1A10558A007021A4 /* ViewController.swift */,
				4049803C1A1059F4007021A4 /* DetailViewController.swift */,
				404980401A105A53007021A4 /* Person.swift */,
				4049803D1A1059F4007021A4 /* DetailViewController.xib */,
				404980201A10558A007021A4 /* Main.storyboard */,
				404980231A10558A007021A4 /* Images.xcassets */,
				404980251A10558A007021A4 /* LaunchScreen.xib */,
				4049801A1A10558A007021A4 /* Supporting Files */,
			);
			path = "iOS Foundations II Assignment 4";
			sourceTree = "<group>";
		};
		4049801A1A10558A007021A4 /* Supporting Files */ = {
			isa = PBXGroup;
			children = (
				4049801B1A10558A007021A4 /* Info.plist */,
			);
			name = "Supporting Files";
			sourceTree = "<group>";
		};
		4049802F1A10558B007021A4 /* iOS Foundations II Assignment 4Tests */ = {
			isa = PBXGroup;
			children = (
				404980321A10558B007021A4 /* iOS_Foundations_II_Assignment_4Tests.swift */,
				404980301A10558B007021A4 /* Supporting Files */,
			);
			path = "iOS Foundations II Assignment 4Tests";
			sourceTree = "<group>";
		};
		404980301A10558B007021A4 /* Supporting Files */ = {
			isa = PBXGroup;
			children = (
				404980311A10558B007021A4 /* Info.plist */,
			);
			name = "Supporting Files";
			sourceTree = "<group>";
		};
/* End PBXGroup section */

/* Begin PBXNativeTarget section */
		404980161A10558A007021A4 /* iOS Foundations II Assignment 4 */ = {
			isa = PBXNativeTarget;
			buildConfigurationList = 404980361A10558B007021A4 /* Build configuration list for PBXNativeTarget "iOS Foundations II Assignment 4" */;
			buildPhases = (
				404980131A10558A007021A4 /* Sources */,
				404980141A10558A007021A4 /* Frameworks */,
				404980151A10558A007021A4 /* Resources */,
			);
			buildRules = (
			);
			dependencies = (
			);
			name = "iOS Foundations II Assignment 4";
			productName = "iOS Foundations II Assignment 4";
			productReference = 404980171A10558A007021A4 /* iOS Foundations II Assignment 4.app */;
			productType = "com.apple.product-type.application";
		};
		4049802B1A10558A007021A4 /* iOS Foundations II Assignment 4Tests */ = {
			isa = PBXNativeTarget;
			buildConfigurationList = 404980391A10558B007021A4 /* Build configuration list for PBXNativeTarget "iOS Foundations II Assignment 4Tests" */;
			buildPhases = (
				404980281A10558A007021A4 /* Sources */,
				404980291A10558A007021A4 /* Frameworks */,
				4049802A1A10558A007021A4 /* Resources */,
			);
			buildRules = (
			);
			dependencies = (
				4049802E1A10558A007021A4 /* PBXTargetDependency */,
			);
			name = "iOS Foundations II Assignment 4Tests";
			productName = "iOS Foundations II Assignment 4Tests";
			productReference = 4049802C1A10558A007021A4 /* iOS Foundations II Assignment 4Tests.xctest */;
			productType = "com.apple.product-type.bundle.unit-test";
		};
/* End PBXNativeTarget section */

/* Begin PBXProject section */
		4049800F1A10558A007021A4 /* Project object */ = {
			isa = PBXProject;
			attributes = {
				LastUpgradeCheck = 0610;
				ORGANIZATIONNAME = "Eric Mentele";
				TargetAttributes = {
					404980161A10558A007021A4 = {
						CreatedOnToolsVersion = 6.1;
					};
					4049802B1A10558A007021A4 = {
						CreatedOnToolsVersion = 6.1;
						TestTargetID = 404980161A10558A007021A4;
					};
				};
			};
			buildConfigurationList = 404980121A10558A007021A4 /* Build configuration list for PBXProject "iOS Foundations II Assignment 4" */;
			compatibilityVersion = "Xcode 3.2";
			developmentRegion = English;
			hasScannedForEncodings = 0;
			knownRegions = (
				en,
				Base,
			);
			mainGroup = 4049800E1A10558A007021A4;
			productRefGroup = 404980181A10558A007021A4 /* Products */;
			projectDirPath = "";
			projectRoot = "";
			targets = (
				404980161A10558A007021A4 /* iOS Foundations II Assignment 4 */,
				4049802B1A10558A007021A4 /* iOS Foundations II Assignment 4Tests */,
			);
		};
/* End PBXProject section */

/* Begin PBXResourcesBuildPhase section */
		404980151A10558A007021A4 /* Resources */ = {
			isa = PBXResourcesBuildPhase;
			buildActionMask = 2147483647;
			files = (
				404980221A10558A007021A4 /* Main.storyboard in Resources */,
				404980271A10558A007021A4 /* LaunchScreen.xib in Resources */,
				404980241A10558A007021A4 /* Images.xcassets in Resources */,
				4049803F1A1059F4007021A4 /* DetailViewController.xib in Resources */,
			);
			runOnlyForDeploymentPostprocessing = 0;
		};
		4049802A1A10558A007021A4 /* Resources */ = {
			isa = PBXResourcesBuildPhase;
			buildActionMask = 2147483647;
			files = (
			);
			runOnlyForDeploymentPostprocessing = 0;
		};
/* End PBXResourcesBuildPhase section */

/* Begin PBXSourcesBuildPhase section */
		404980131A10558A007021A4 /* Sources */ = {
			isa = PBXSourcesBuildPhase;
			buildActionMask = 2147483647;
			files = (
				4049803E1A1059F4007021A4 /* DetailViewController.swift in Sources */,
				4049801F1A10558A007021A4 /* ViewController.swift in Sources */,
				404980411A105A53007021A4 /* Person.swift in Sources */,
				4049801D1A10558A007021A4 /* AppDelegate.swift in Sources */,
			);
			runOnlyForDeploymentPostprocessing = 0;
		};
		404980281A10558A007021A4 /* Sources */ = {
			isa = PBXSourcesBuildPhase;
			buildActionMask = 2147483647;
			files = (
				404980331A10558B007021A4 /* iOS_Foundations_II_Assignment_4Tests.swift in Sources */,
			);
			runOnlyForDeploymentPostprocessing = 0;
		};
/* End PBXSourcesBuildPhase section */

/* Begin PBXTargetDependency section */
		4049802E1A10558A007021A4 /* PBXTargetDependency */ = {
			isa = PBXTargetDependency;
			target = 404980161A10558A007021A4 /* iOS Foundations II Assignment 4 */;
			targetProxy = 4049802D1A10558A007021A4 /* PBXContainerItemProxy */;
		};
/* End PBXTargetDependency section */

/* Begin PBXVariantGroup section */
		404980201A10558A007021A4 /* Main.storyboard */ = {
			isa = PBXVariantGroup;
			children = (
				404980211A10558A007021A4 /* Base */,
			);
			name = Main.storyboard;
			sourceTree = "<group>";
		};
		404980251A10558A007021A4 /* LaunchScreen.xib */ = {
			isa = PBXVariantGroup;
			children = (
				404980261A10558A007021A4 /* Base */,
			);
			name = LaunchScreen.xib;
			sourceTree = "<group>";
		};
/* End PBXVariantGroup section */

/* Begin XCBuildConfiguration section */
		404980341A10558B007021A4 /* Debug */ = {
			isa = XCBuildConfiguration;
			buildSettings = {
				ALWAYS_SEARCH_USER_PATHS = NO;
				CLANG_CXX_LANGUAGE_STANDARD = "gnu++0x";
				CLANG_CXX_LIBRARY = "libc++";
				CLANG_ENABLE_MODULES = YES;
				CLANG_ENABLE_OBJC_ARC = YES;
				CLANG_WARN_BOOL_CONVERSION = YES;
				CLANG_WARN_CONSTANT_CONVERSION = YES;
				CLANG_WARN_DIRECT_OBJC_ISA_USAGE = YES_ERROR;
				CLANG_WARN_EMPTY_BODY = YES;
				CLANG_WARN_ENUM_CONVERSION = YES;
				CLANG_WARN_INT_CONVERSION = YES;
				CLANG_WARN_OBJC_ROOT_CLASS = YES_ERROR;
				CLANG_WARN_UNREACHABLE_CODE = YES;
				CLANG_WARN__DUPLICATE_METHOD_MATCH = YES;
				"CODE_SIGN_IDENTITY[sdk=iphoneos*]" = "iPhone Developer";
				COPY_PHASE_STRIP = NO;
				ENABLE_STRICT_OBJC_MSGSEND = YES;
				GCC_C_LANGUAGE_STANDARD = gnu99;
				GCC_DYNAMIC_NO_PIC = NO;
				GCC_OPTIMIZATION_LEVEL = 0;
				GCC_PREPROCESSOR_DEFINITIONS = (
					"DEBUG=1",
					"$(inherited)",
				);
				GCC_SYMBOLS_PRIVATE_EXTERN = NO;
				GCC_WARN_64_TO_32_BIT_CONVERSION = YES;
				GCC_WARN_ABOUT_RETURN_TYPE = YES_ERROR;
				GCC_WARN_UNDECLARED_SELECTOR = YES;
				GCC_WARN_UNINITIALIZED_AUTOS = YES_AGGRESSIVE;
				GCC_WARN_UNUSED_FUNCTION = YES;
				GCC_WARN_UNUSED_VARIABLE = YES;
				IPHONEOS_DEPLOYMENT_TARGET = 8.1;
				MTL_ENABLE_DEBUG_INFO = YES;
				ONLY_ACTIVE_ARCH = YES;
				SDKROOT = iphoneos;
				SWIFT_OPTIMIZATION_LEVEL = "-Onone";
				TARGETED_DEVICE_FAMILY = "1,2";
			};
			name = Debug;
		};
		404980351A10558B007021A4 /* Release */ = {
			isa = XCBuildConfiguration;
			buildSettings = {
				ALWAYS_SEARCH_USER_PATHS = NO;
				CLANG_CXX_LANGUAGE_STANDARD = "gnu++0x";
				CLANG_CXX_LIBRARY = "libc++";
				CLANG_ENABLE_MODULES = YES;
				CLANG_ENABLE_OBJC_ARC = YES;
				CLANG_WARN_BOOL_CONVERSION = YES;
				CLANG_WARN_CONSTANT_CONVERSION = YES;
				CLANG_WARN_DIRECT_OBJC_ISA_USAGE = YES_ERROR;
				CLANG_WARN_EMPTY_BODY = YES;
				CLANG_WARN_ENUM_CONVERSION = YES;
				CLANG_WARN_INT_CONVERSION = YES;
				CLANG_WARN_OBJC_ROOT_CLASS = YES_ERROR;
				CLANG_WARN_UNREACHABLE_CODE = YES;
				CLANG_WARN__DUPLICATE_METHOD_MATCH = YES;
				"CODE_SIGN_IDENTITY[sdk=iphoneos*]" = "iPhone Developer";
				COPY_PHASE_STRIP = YES;
				ENABLE_NS_ASSERTIONS = NO;
				ENABLE_STRICT_OBJC_MSGSEND = YES;
				GCC_C_LANGUAGE_STANDARD = gnu99;
				GCC_WARN_64_TO_32_BIT_CONVERSION = YES;
				GCC_WARN_ABOUT_RETURN_TYPE = YES_ERROR;
				GCC_WARN_UNDECLARED_SELECTOR = YES;
				GCC_WARN_UNINITIALIZED_AUTOS = YES_AGGRESSIVE;
				GCC_WARN_UNUSED_FUNCTION = YES;
				GCC_WARN_UNUSED_VARIABLE = YES;
				IPHONEOS_DEPLOYMENT_TARGET = 8.1;
				MTL_ENABLE_DEBUG_INFO = NO;
				SDKROOT = iphoneos;
				TARGETED_DEVICE_FAMILY = "1,2";
				VALIDATE_PRODUCT = YES;
			};
			name = Release;
		};
		404980371A10558B007021A4 /* Debug */ = {
			isa = XCBuildConfiguration;
			buildSettings = {
				ASSETCATALOG_COMPILER_APPICON_NAME = AppIcon;
				INFOPLIST_FILE = "iOS Foundations II Assignment 4/Info.plist";
				LD_RUNPATH_SEARCH_PATHS = "$(inherited) @executable_path/Frameworks";
				PRODUCT_NAME = "$(TARGET_NAME)";
			};
			name = Debug;
		};
		404980381A10558B007021A4 /* Release */ = {
			isa = XCBuildConfiguration;
			buildSettings = {
				ASSETCATALOG_COMPILER_APPICON_NAME = AppIcon;
				INFOPLIST_FILE = "iOS Foundations II Assignment 4/Info.plist";
				LD_RUNPATH_SEARCH_PATHS = "$(inherited) @executable_path/Frameworks";
				PRODUCT_NAME = "$(TARGET_NAME)";
			};
			name = Release;
		};
		4049803A1A10558B007021A4 /* Debug */ = {
			isa = XCBuildConfiguration;
			buildSettings = {
				BUNDLE_LOADER = "$(TEST_HOST)";
				FRAMEWORK_SEARCH_PATHS = (
					"$(SDKROOT)/Developer/Library/Frameworks",
					"$(inherited)",
				);
				GCC_PREPROCESSOR_DEFINITIONS = (
					"DEBUG=1",
					"$(inherited)",
				);
				INFOPLIST_FILE = "iOS Foundations II Assignment 4Tests/Info.plist";
				LD_RUNPATH_SEARCH_PATHS = "$(inherited) @executable_path/Frameworks @loader_path/Frameworks";
				PRODUCT_NAME = "$(TARGET_NAME)";
				TEST_HOST = "$(BUILT_PRODUCTS_DIR)/iOS Foundations II Assignment 4.app/iOS Foundations II Assignment 4";
			};
			name = Debug;
		};
		4049803B1A10558B007021A4 /* Release */ = {
			isa = XCBuildConfiguration;
			buildSettings = {
				BUNDLE_LOADER = "$(TEST_HOST)";
				FRAMEWORK_SEARCH_PATHS = (
					"$(SDKROOT)/Developer/Library/Frameworks",
					"$(inherited)",
				);
				INFOPLIST_FILE = "iOS Foundations II Assignment 4Tests/Info.plist";
				LD_RUNPATH_SEARCH_PATHS = "$(inherited) @executable_path/Frameworks @loader_path/Frameworks";
				PRODUCT_NAME = "$(TARGET_NAME)";
				TEST_HOST = "$(BUILT_PRODUCTS_DIR)/iOS Foundations II Assignment 4.app/iOS Foundations II Assignment 4";
			};
			name = Release;
		};
/* End XCBuildConfiguration section */

/* Begin XCConfigurationList section */
		404980121A10558A007021A4 /* Build configuration list for PBXProject "iOS Foundations II Assignment 4" */ = {
			isa = XCConfigurationList;
			buildConfigurations = (
				404980341A10558B007021A4 /* Debug */,
				404980351A10558B007021A4 /* Release */,
			);
			defaultConfigurationIsVisible = 0;
			defaultConfigurationName = Release;
		};
		404980361A10558B007021A4 /* Build configuration list for PBXNativeTarget "iOS Foundations II Assignment 4" */ = {
			isa = XCConfigurationList;
			buildConfigurations = (
				404980371A10558B007021A4 /* Debug */,
				404980381A10558B007021A4 /* Release */,
			);
			defaultConfigurationIsVisible = 0;
		};
		404980391A10558B007021A4 /* Build configuration list for PBXNativeTarget "iOS Foundations II Assignment 4Tests" */ = {
			isa = XCConfigurationList;
			buildConfigurations = (
				4049803A1A10558B007021A4 /* Debug */,
				4049803B1A10558B007021A4 /* Release */,
			);
			defaultConfigurationIsVisible = 0;
		};
/* End XCConfigurationList section */
	};
	rootObject = 4049800F1A10558A007021A4 /* Project object */;
}
